
Microsoft Visual Studio Solution File, Format Version 12.00
# Visual Studio Version 17
VisualStudioVersion = 17.11.35222.181
MinimumVisualStudioVersion = 10.0.40219.1
Project("{FAE04EC0-301F-11D3-BF4B-00C04F79EFBC}") = "LocalNotifications", "LocalNotifications.csproj", "{FAFEF562-0789-4517-A20C-D4B746CF9CB7}"
EndProject
Global
	GlobalSection(SolutionConfigurationPlatforms) = preSolution
		Debug|Any CPU = Debug|Any CPU
		Release|Any CPU = Release|Any CPU
	EndGlobalSection
	GlobalSection(ProjectConfigurationPlatforms) = postSolution
		{FAFEF562-0789-4517-A20C-D4B746CF9CB7}.Debug|Any CPU.ActiveCfg = Debug|Any CPU
		{FAFEF562-0789-4517-A20C-D4B746CF9CB7}.Debug|Any CPU.Build.0 = Debug|Any CPU
		{FAFEF562-0789-4517-A20C-D4B746CF9CB7}.Debug|Any CPU.Deploy.0 = Debug|Any CPU
		{FAFEF562-0789-4517-A20C-D4B746CF9CB7}.Release|Any CPU.ActiveCfg = Release|Any CPU
		{FAFEF562-0789-4517-A20C-D4B746CF9CB7}.Release|Any CPU.Build.0 = Release|Any CPU
		{FAFEF562-0789-4517-A20C-D4B746CF9CB7}.Release|Any CPU.Deploy.0 = Release|Any CPU
	EndGlobalSection
	GlobalSection(SolutionProperties) = preSolution
		HideSolutionNode = FALSE
	EndGlobalSection
	GlobalSection(ExtensibilityGlobals) = postSolution
		SolutionGuid = {BA172585-3C3E-4EF1-BF30-5F4A42D3E838}
	EndGlobalSection
EndGlobal
